
Microsoft Visual Studio Solution File, Format Version 12.00
# Visual Studio Version 16
VisualStudioVersion = 16.0.31402.337
MinimumVisualStudioVersion = 10.0.40219.1
Project("{9A19103F-16F7-4668-BE54-9A1E7A4F7556}") = "InsuranceAppWebApi.Data", "InsuranceAppWebApi.Data\InsuranceAppWebApi.Data.csproj", "{30FF88F0-C9EB-41AF-8878-F39BC15179E3}"
EndProject
Project("{9A19103F-16F7-4668-BE54-9A1E7A4F7556}") = "InsuranceAppWebApi.Domain", "InsuranceAppWebApi.Domain\InsuranceAppWebApi.Domain.csproj", "{4385DA3C-0742-4BD9-9884-26D2D3B37959}"
EndProject
Project("{FAE04EC0-301F-11D3-BF4B-00C04F79EFBC}") = "InsuranceAppWebApiAPI", "InsuranceAppWebApiAPI\InsuranceAppWebApiAPI.csproj", "{883D7872-1567-4100-B4E9-797B30C17492}"
EndProject
Global
	GlobalSection(SolutionConfigurationPlatforms) = preSolution
		Debug|Any CPU = Debug|Any CPU
		Release|Any CPU = Release|Any CPU
	EndGlobalSection
	GlobalSection(ProjectConfigurationPlatforms) = postSolution
		{30FF88F0-C9EB-41AF-8878-F39BC15179E3}.Debug|Any CPU.ActiveCfg = Debug|Any CPU
		{30FF88F0-C9EB-41AF-8878-F39BC15179E3}.Debug|Any CPU.Build.0 = Debug|Any CPU
		{30FF88F0-C9EB-41AF-8878-F39BC15179E3}.Release|Any CPU.ActiveCfg = Release|Any CPU
		{30FF88F0-C9EB-41AF-8878-F39BC15179E3}.Release|Any CPU.Build.0 = Release|Any CPU
		{4385DA3C-0742-4BD9-9884-26D2D3B37959}.Debug|Any CPU.ActiveCfg = Debug|Any CPU
		{4385DA3C-0742-4BD9-9884-26D2D3B37959}.Debug|Any CPU.Build.0 = Debug|Any CPU
		{4385DA3C-0742-4BD9-9884-26D2D3B37959}.Release|Any CPU.ActiveCfg = Release|Any CPU
		{4385DA3C-0742-4BD9-9884-26D2D3B37959}.Release|Any CPU.Build.0 = Release|Any CPU
		{883D7872-1567-4100-B4E9-797B30C17492}.Debug|Any CPU.ActiveCfg = Debug|Any CPU
		{883D7872-1567-4100-B4E9-797B30C17492}.Debug|Any CPU.Build.0 = Debug|Any CPU
		{883D7872-1567-4100-B4E9-797B30C17492}.Release|Any CPU.ActiveCfg = Release|Any CPU
		{883D7872-1567-4100-B4E9-797B30C17492}.Release|Any CPU.Build.0 = Release|Any CPU
	EndGlobalSection
	GlobalSection(SolutionProperties) = preSolution
		HideSolutionNode = FALSE
	EndGlobalSection
	GlobalSection(ExtensibilityGlobals) = postSolution
		SolutionGuid = {15387D2D-4C37-4835-9977-9FD367972696}
	EndGlobalSection
EndGlobal
